
Microsoft Visual Studio Solution File, Format Version 12.00
# Visual Studio Version 17
VisualStudioVersion = 17.5.33414.496
MinimumVisualStudioVersion = 10.0.40219.1
Project("{9A19103F-16F7-4668-BE54-9A1E7A4F7556}") = "FizzAndBuzz", "FizzAndBuzz.csproj", "{B75D8772-83CB-4153-AC51-FAFD6AB25CB4}"
EndProject
Project("{FAE04EC0-301F-11D3-BF4B-00C04F79EFBC}") = "FizzBuzzTestProject", "..\FizzBuzzTestProject\FizzBuzzTestProject.csproj", "{AC373078-32A9-4C6C-B081-53C107E18613}"
EndProject
Global
	GlobalSection(SolutionConfigurationPlatforms) = preSolution
		Debug|Any CPU = Debug|Any CPU
		Release|Any CPU = Release|Any CPU
	EndGlobalSection
	GlobalSection(ProjectConfigurationPlatforms) = postSolution
		{B75D8772-83CB-4153-AC51-FAFD6AB25CB4}.Debug|Any CPU.ActiveCfg = Debug|Any CPU
		{B75D8772-83CB-4153-AC51-FAFD6AB25CB4}.Debug|Any CPU.Build.0 = Debug|Any CPU
		{B75D8772-83CB-4153-AC51-FAFD6AB25CB4}.Release|Any CPU.ActiveCfg = Release|Any CPU
		{B75D8772-83CB-4153-AC51-FAFD6AB25CB4}.Release|Any CPU.Build.0 = Release|Any CPU
		{AC373078-32A9-4C6C-B081-53C107E18613}.Debug|Any CPU.ActiveCfg = Debug|Any CPU
		{AC373078-32A9-4C6C-B081-53C107E18613}.Debug|Any CPU.Build.0 = Debug|Any CPU
		{AC373078-32A9-4C6C-B081-53C107E18613}.Release|Any CPU.ActiveCfg = Release|Any CPU
		{AC373078-32A9-4C6C-B081-53C107E18613}.Release|Any CPU.Build.0 = Release|Any CPU
	EndGlobalSection
	GlobalSection(SolutionProperties) = preSolution
		HideSolutionNode = FALSE
	EndGlobalSection
	GlobalSection(ExtensibilityGlobals) = postSolution
		SolutionGuid = {C9EC722D-3CFF-4CC3-A58F-2190BB8BB9DE}
	EndGlobalSection
EndGlobal
